
Microsoft Visual Studio Solution File, Format Version 12.00
# Visual Studio Version 16
VisualStudioVersion = 16.0.31205.134
MinimumVisualStudioVersion = 10.0.40219.1
Project("{9A19103F-16F7-4668-BE54-9A1E7A4F7556}") = "Prj_Cadastro", "Prj_Cadastro\Prj_Cadastro.csproj", "{0EEE1D74-59EC-48A1-B56D-B14E755FF8F7}"
EndProject
Global
	GlobalSection(SolutionConfigurationPlatforms) = preSolution
		Debug|Any CPU = Debug|Any CPU
		Release|Any CPU = Release|Any CPU
	EndGlobalSection
	GlobalSection(ProjectConfigurationPlatforms) = postSolution
		{0EEE1D74-59EC-48A1-B56D-B14E755FF8F7}.Debug|Any CPU.ActiveCfg = Debug|Any CPU
		{0EEE1D74-59EC-48A1-B56D-B14E755FF8F7}.Debug|Any CPU.Build.0 = Debug|Any CPU
		{0EEE1D74-59EC-48A1-B56D-B14E755FF8F7}.Release|Any CPU.ActiveCfg = Release|Any CPU
		{0EEE1D74-59EC-48A1-B56D-B14E755FF8F7}.Release|Any CPU.Build.0 = Release|Any CPU
	EndGlobalSection
	GlobalSection(SolutionProperties) = preSolution
		HideSolutionNode = FALSE
	EndGlobalSection
	GlobalSection(ExtensibilityGlobals) = postSolution
		SolutionGuid = {FE6DA20D-3299-49D8-A210-7EA5BB560A41}
	EndGlobalSection
EndGlobal
